{
  "name": "awesom-o",
  "version": "1.0.0",
  "lockfileVersion": 3,
  "requires": true,
  "packages": {
    "": {
      "name": "awesom-o",
      "version": "1.0.0",
      "license": "MIT",
      "dependencies": {
        "lodash": "^3.9.3",
        "slack-client": "^1.4.1"
      }
    },
    "node_modules/agent-base": {
      "version": "2.1.1",
      "resolved": "https://registry.npmjs.org/agent-base/-/agent-base-2.1.1.tgz",
      "integrity": "sha512-oDtZV740o3fr5oJtPLOsgH2hl2TRPscNXIx4VzzBwVlXVkv8RHm7XXqGAYg8t20+Gwu6LNDnx8HRMGqVGPZ8Vw==",
      "license": "MIT",
      "dependencies": {
        "extend": "~3.0.0",
        "semver": "~5.0.1"
      }
    },
    "node_modules/bindings": {
      "version": "1.2.1",
      "resolved": "https://registry.npmjs.org/bindings/-/bindings-1.2.1.tgz",
      "integrity": "sha512-u4cBQNepWxYA55FunZSM7wMi55yQaN0otnhhilNoWHq0MfOfJeQx0v0mRRpolGOExPjZcl6FtB0BB8Xkb88F0g==",
      "license": "MIT",
      "optional": true
    },
    "node_modules/bufferutil": {
      "version": "1.2.1",
      "resolved": "https://registry.npmjs.org/bufferutil/-/bufferutil-1.2.1.tgz",
      "integrity": "sha512-rtE2s2JHFmfaldMwWFSUaPTxfxq6Um3xw9PEUK5bAfW83UTXp3WQpE7slnD2bd9GUgb0BA7JC/7ZxeBrIq+8Dw==",
      "hasInstallScript": true,
      "license": "MIT",
      "optional": true,
      "dependencies": {
        "bindings": "1.2.x",
        "nan": "^2.0.5"
      }
    },
    "node_modules/coffee-script": {
      "version": "1.9.3",
      "resolved": "https://registry.npmjs.org/coffee-script/-/coffee-script-1.9.3.tgz",
      "integrity": "sha512-1OI9eqke8sJnKxa+sseMwCdNoz4dYknk02Ttz6rBbg6ZBujrbjhnickttm0S+Fnlrj+Q62RoATui5qSVi+sPJg==",
      "deprecated": "CoffeeScript on NPM has moved to \"coffeescript\" (no hyphen)",
      "license": "MIT",
      "bin": {
        "cake": "bin/cake",
        "coffee": "bin/coffee"
      },
      "engines": {
        "node": ">=0.8.0"
      }
    },
    "node_modules/debug": {
      "version": "2.6.9",
      "resolved": "https://registry.npmjs.org/debug/-/debug-2.6.9.tgz",
      "integrity": "sha512-bC7ElrdJaJnPbAP+1EotYvqZsb3ecl5wi6Bfi6BJTUcNowp6cvspg0jXznRTKDjm/E7AdgFBVeAPVMNcKGsHMA==",
      "license": "MIT",
      "dependencies": {
        "ms": "2.0.0"
      }
    },
    "node_modules/extend": {
      "version": "3.0.2",
      "resolved": "https://registry.npmjs.org/extend/-/extend-3.0.2.tgz",
      "integrity": "sha512-fjquC59cD7CyW6urNXK0FBufkZcoiGG80wTuPujX590cB5Ttln20E2UB4S/WARVqhXffZl2LNgS+gQdPIIim/g==",
      "license": "MIT"
    },
    "node_modules/https-proxy-agent": {
      "version": "1.0.0",
      "resolved": "https://registry.npmjs.org/https-proxy-agent/-/https-proxy-agent-1.0.0.tgz",
      "integrity": "sha512-OZhm7//JDnQthMVqlPAfkZyPO2fMhfHY6gY+jZcX8rLfFiGtHiIQrfD80WvCDHNMQ77Ak3r5CiPRDD2rNzo2OQ==",
      "license": "MIT",
      "dependencies": {
        "agent-base": "2",
        "debug": "2",
        "extend": "3"
      }
    },
    "node_modules/lodash": {
      "version": "3.10.1",
      "resolved": "https://registry.npmjs.org/lodash/-/lodash-3.10.1.tgz",
      "integrity": "sha512-9mDDwqVIma6OZX79ZlDACZl8sBm0TEnkf99zV3iMA4GzkIT/9hiqP5mY0HoT1iNLCrKc/R1HByV+yJfRWVJryQ==",
      "license": "MIT"
    },
    "node_modules/log": {
      "version": "1.4.0",
      "resolved": "https://registry.npmjs.org/log/-/log-1.4.0.tgz",
      "integrity": "sha512-NnLhcxIAbhdhuMU0jDG83YjAH8JQj8tXUTy54Ib+4owuXwerrYFI8+OsnK1Ez/cig8O859QK6u6g0aYph/X/zQ==",
      "engines": {
        "node": ">= 0.2.0"
      }
    },
    "node_modules/ms": {
      "version": "2.0.0",
      "resolved": "https://registry.npmjs.org/ms/-/ms-2.0.0.tgz",
      "integrity": "sha512-Tpp60P6IUJDTuOq/5Z8cdskzJujfwqfOTkrwIwj7IRISpnkJnT6SyJ4PCPnGMoFjC9ddhal5KVIYtAt97ix05A==",
      "license": "MIT"
    },
    "node_modules/nan": {
      "version": "2.22.0",
      "resolved": "https://registry.npmjs.org/nan/-/nan-2.22.0.tgz",
      "integrity": "sha512-nbajikzWTMwsW+eSsNm3QwlOs7het9gGJU5dDZzRTQGk03vyBOauxgI4VakDzE0PtsGTmXPsXTbbjVhRwR5mpw==",
      "license": "MIT",
      "optional": true
    },
    "node_modules/options": {
      "version": "0.0.6",
      "resolved": "https://registry.npmjs.org/options/-/options-0.0.6.tgz",
      "integrity": "sha512-bOj3L1ypm++N+n7CEbbe473A414AB7z+amKYshRb//iuL3MpdDCLhPnw6aVTdKB9g5ZRVHIEp8eUln6L2NUStg==",
      "engines": {
        "node": ">=0.4.0"
      }
    },
    "node_modules/semver": {
      "version": "5.0.3",
      "resolved": "https://registry.npmjs.org/semver/-/semver-5.0.3.tgz",
      "integrity": "sha512-5OkOBiw69xqmxOFIXwXsiY1HlE+om8nNptg1ZIf95fzcnfgOv2fLm7pmmGbRJsjJIqPpW5Kwy4wpDBTz5wQlUw==",
      "license": "ISC",
      "bin": {
        "semver": "bin/semver"
      }
    },
    "node_modules/slack-client": {
      "version": "1.5.1",
      "resolved": "https://registry.npmjs.org/slack-client/-/slack-client-1.5.1.tgz",
      "integrity": "sha512-jwuULuChMGQUk57E1dsMTsroclL0nPACpbZKxUi2FSp5TnRrZCstLs831Q/VGVGRjmyL8CIcm0dZeW84OrbpHw==",
      "deprecated": "Use @slack/client instead, this package is no longer maintained",
      "license": "MIT",
      "dependencies": {
        "coffee-script": "~1.9.3",
        "https-proxy-agent": "1.0.0",
        "log": "1.4.0",
        "ws": "0.8.1"
      },
      "engines": {
        "node": ">= 0.10.x",
        "npm": ">= 1.1.x"
      }
    },
    "node_modules/ultron": {
      "version": "1.0.2",
      "resolved": "https://registry.npmjs.org/ultron/-/ultron-1.0.2.tgz",
      "integrity": "sha512-QMpnpVtYaWEeY+MwKDN/UdKlE/LsFZXM5lO1u7GaZzNgmIbGixHEmVMIKT+vqYOALu3m5GYQy9kz4Xu4IVn7Ow==",
      "license": "MIT"
    },
    "node_modules/utf-8-validate": {
      "version": "1.2.2",
      "resolved": "https://registry.npmjs.org/utf-8-validate/-/utf-8-validate-1.2.2.tgz",
      "integrity": "sha512-CcV1z1L/e1wFAZwl8T6o1MmxIsg/ClZ4nmUolyIhb3ZJKbD/ZQTZXstCf6BiRcvaThSJVI8SqWLodWq/hnWDxQ==",
      "hasInstallScript": true,
      "license": "MIT",
      "optional": true,
      "dependencies": {
        "bindings": "~1.2.1",
        "nan": "~2.4.0"
      }
    },
    "node_modules/utf-8-validate/node_modules/nan": {
      "version": "2.4.0",
      "resolved": "https://registry.npmjs.org/nan/-/nan-2.4.0.tgz",
      "integrity": "sha512-Ym8Mn5u8D8Fwo7fHWhD7xEyKe/y/J8Epkxp6iJfZhtgnRva+GN+dQddiWGE2cksWCV92K/HzdHlJWo7aZJDlFw==",
      "license": "MIT",
      "optional": true
    },
    "node_modules/ws": {
      "version": "0.8.1",
      "resolved": "https://registry.npmjs.org/ws/-/ws-0.8.1.tgz",
      "integrity": "sha512-nDxDQDUMPnPqHYO4sWI9ln+ssUz1gxXCAFpczkv3LPQMmbC5vpfX1VZid6hqAaqNfI9bEvctLFNdZJBQPtdYCQ==",
      "license": "MIT",
      "dependencies": {
        "options": ">=0.0.5",
        "ultron": "1.0.x"
      },
      "optionalDependencies": {
        "bufferutil": "1.2.x",
        "utf-8-validate": "1.2.x"
      }
    }
  }
}
